
Microsoft Visual Studio Solution File, Format Version 9.00
# Visual Studio 2005
Project("{00000000-0000-0000-0000-000000000000}") = "Shift8ReadConsumer", "Shift8ReadConsumer.csproj", "{5AFE5D7F-CCB2-4FE5-9317-F5481FE22391}"
	ProjectSection(WebsiteProperties) = preProject
		Debug.AspNetCompiler.Debug = "True"
		Release.AspNetCompiler.Debug = "False"
	EndProjectSection
EndProject
Global
	GlobalSection(SolutionConfigurationPlatforms) = preSolution
		Debug|Any CPU = Debug|Any CPU
		Release|Any CPU = Release|Any CPU
	EndGlobalSection
	GlobalSection(ProjectConfigurationPlatforms) = postSolution
		{5AFE5D7F-CCB2-4FE5-9317-F5481FE22391}.Debug|Any CPU.ActiveCfg = Debug|Any CPU
		{5AFE5D7F-CCB2-4FE5-9317-F5481FE22391}.Debug|Any CPU.Build.0 = Debug|Any CPU
		{5AFE5D7F-CCB2-4FE5-9317-F5481FE22391}.Release|Any CPU.ActiveCfg = Release|Any CPU
		{5AFE5D7F-CCB2-4FE5-9317-F5481FE22391}.Release|Any CPU.Build.0 = Release|Any CPU
	EndGlobalSection
	GlobalSection(SolutionProperties) = preSolution
		HideSolutionNode = FALSE
	EndGlobalSection
EndGlobal
